
Microsoft Visual Studio Solution File, Format Version 12.00
# Visual Studio 15
VisualStudioVersion = 15.0.28307.902
MinimumVisualStudioVersion = 10.0.40219.1
Project("{FAE04EC0-301F-11D3-BF4B-00C04F79EFBC}") = "CafeMenuApp", "CafeMenuApp\CafeMenuApp.csproj", "{FDDEA614-5CD7-4B91-8BD2-AFBA53CC2C4B}"
EndProject
Global
	GlobalSection(SolutionConfigurationPlatforms) = preSolution
		Debug|Any CPU = Debug|Any CPU
		Release|Any CPU = Release|Any CPU
	EndGlobalSection
	GlobalSection(ProjectConfigurationPlatforms) = postSolution
		{FDDEA614-5CD7-4B91-8BD2-AFBA53CC2C4B}.Debug|Any CPU.ActiveCfg = Debug|Any CPU
		{FDDEA614-5CD7-4B91-8BD2-AFBA53CC2C4B}.Debug|Any CPU.Build.0 = Debug|Any CPU
		{FDDEA614-5CD7-4B91-8BD2-AFBA53CC2C4B}.Release|Any CPU.ActiveCfg = Release|Any CPU
		{FDDEA614-5CD7-4B91-8BD2-AFBA53CC2C4B}.Release|Any CPU.Build.0 = Release|Any CPU
	EndGlobalSection
	GlobalSection(SolutionProperties) = preSolution
		HideSolutionNode = FALSE
	EndGlobalSection
	GlobalSection(ExtensibilityGlobals) = postSolution
		SolutionGuid = {E082368D-3428-49C3-9893-9AD79723D8C3}
	EndGlobalSection
EndGlobal
